
Microsoft Visual Studio Solution File, Format Version 12.00
# Visual Studio 15
VisualStudioVersion = 15.0.28307.136
MinimumVisualStudioVersion = 10.0.40219.1
Project("{FAE04EC0-301F-11D3-BF4B-00C04F79EFBC}") = "PaintCostCalculator", "PaintCostCalculator\PaintCostCalculator.csproj", "{6051DE20-5572-423D-9922-22BA820EB1D9}"
EndProject
Project("{FAE04EC0-301F-11D3-BF4B-00C04F79EFBC}") = "PaintCostCalculator.UnitTest", "PaintCostCalculator.UnitTest\PaintCostCalculator.UnitTest.csproj", "{38BC7A3D-E999-467B-966A-7A5551C23E9C}"
EndProject
Global
	GlobalSection(SolutionConfigurationPlatforms) = preSolution
		Debug|Any CPU = Debug|Any CPU
		Release|Any CPU = Release|Any CPU
	EndGlobalSection
	GlobalSection(ProjectConfigurationPlatforms) = postSolution
		{6051DE20-5572-423D-9922-22BA820EB1D9}.Debug|Any CPU.ActiveCfg = Debug|Any CPU
		{6051DE20-5572-423D-9922-22BA820EB1D9}.Debug|Any CPU.Build.0 = Debug|Any CPU
		{6051DE20-5572-423D-9922-22BA820EB1D9}.Release|Any CPU.ActiveCfg = Release|Any CPU
		{6051DE20-5572-423D-9922-22BA820EB1D9}.Release|Any CPU.Build.0 = Release|Any CPU
		{38BC7A3D-E999-467B-966A-7A5551C23E9C}.Debug|Any CPU.ActiveCfg = Debug|Any CPU
		{38BC7A3D-E999-467B-966A-7A5551C23E9C}.Debug|Any CPU.Build.0 = Debug|Any CPU
		{38BC7A3D-E999-467B-966A-7A5551C23E9C}.Release|Any CPU.ActiveCfg = Release|Any CPU
		{38BC7A3D-E999-467B-966A-7A5551C23E9C}.Release|Any CPU.Build.0 = Release|Any CPU
	EndGlobalSection
	GlobalSection(SolutionProperties) = preSolution
		HideSolutionNode = FALSE
	EndGlobalSection
	GlobalSection(ExtensibilityGlobals) = postSolution
		SolutionGuid = {EDD6C699-03A0-4B8C-9A25-15BBC04E3FB8}
	EndGlobalSection
EndGlobal
